<?xml version="1.0" encoding="utf-8"?>
<Project ToolsVersion="4.0" xmlns="http://schemas.microsoft.com/developer/msbuild/2003">
  <ItemGroup>
    <Filter Include="源文件">
      <UniqueIdentifier>{4FC737F1-C7A5-4376-A066-2A32D752A2FF}</UniqueIdentifier>
      <Extensions>cpp;c;cc;cxx;def;odl;idl;hpj;bat;asm;asmx</Extensions>
    </Filter>
    <Filter Include="头文件">
      <UniqueIdentifier>{93995380-89BD-4b04-88EB-625FBE52EBFB}</UniqueIdentifier>
      <Extensions>h;hh;hpp;hxx;hm;inl;inc;xsd</Extensions>
    </Filter>
    <Filter Include="资源文件">
      <UniqueIdentifier>{67DA6AB6-F800-4c08-8B7A-83BB121AAD01}</UniqueIdentifier>
      <Extensions>rc;ico;cur;bmp;dlg;rc2;rct;bin;rgs;gif;jpg;jpeg;jpe;resx;tiff;tif;png;wav;mfcribbon-ms</Extensions>
    </Filter>
  </ItemGroup>
  <ItemGroup>
    <ClCompile Include="..\..\..\src\leveldb\db\builder.cc">
      <Filter>源文件</Filter>
    </ClCompile>
    <ClCompile Include="..\..\..\src\leveldb\db\db_impl.cc">
      <Filter>源文件</Filter>
    </ClCompile>
    <ClCompile Include="..\..\..\src\leveldb\db\db_iter.cc">
      <Filter>源文件</Filter>
    </ClCompile>
    <ClCompile Include="..\..\..\src\leveldb\db\dbformat.cc">
      <Filter>源文件</Filter>
    </ClCompile>
    <ClCompile Include="..\..\..\src\leveldb\db\dumpfile.cc">
      <Filter>源文件</Filter>
    </ClCompile>
    <ClCompile Include="..\..\..\src\leveldb\db\filename.cc">
      <Filter>源文件</Filter>
    </ClCompile>
    <ClCompile Include="..\..\..\src\leveldb\db\log_reader.cc">
      <Filter>源文件</Filter>
    </ClCompile>
    <ClCompile Include="..\..\..\src\leveldb\db\log_writer.cc">
      <Filter>源文件</Filter>
    </ClCompile>
    <ClCompile Include="..\..\..\src\leveldb\db\memtable.cc">
      <Filter>源文件</Filter>
    </ClCompile>
    <ClCompile Include="..\..\..\src\leveldb\db\repair.cc">
      <Filter>源文件</Filter>
    </ClCompile>
    <ClCompile Include="..\..\..\src\leveldb\db\table_cache.cc">
      <Filter>源文件</Filter>
    </ClCompile>
    <ClCompile Include="..\..\..\src\leveldb\db\version_edit.cc">
      <Filter>源文件</Filter>
    </ClCompile>
    <ClCompile Include="..\..\..\src\leveldb\db\version_set.cc">
      <Filter>源文件</Filter>
    </ClCompile>
    <ClCompile Include="..\..\..\src\leveldb\db\write_batch.cc">
      <Filter>源文件</Filter>
    </ClCompile>
    <ClCompile Include="..\..\..\src\leveldb\table\block.cc">
      <Filter>源文件</Filter>
    </ClCompile>
    <ClCompile Include="..\..\..\src\leveldb\table\block_builder.cc">
      <Filter>源文件</Filter>
    </ClCompile>
    <ClCompile Include="..\..\..\src\leveldb\table\filter_block.cc">
      <Filter>源文件</Filter>
    </ClCompile>
    <ClCompile Include="..\..\..\src\leveldb\table\format.cc">
      <Filter>源文件</Filter>
    </ClCompile>
    <ClCompile Include="..\..\..\src\leveldb\table\iterator.cc">
      <Filter>源文件</Filter>
    </ClCompile>
    <ClCompile Include="..\..\..\src\leveldb\table\merger.cc">
      <Filter>源文件</Filter>
    </ClCompile>
    <ClCompile Include="..\..\..\src\leveldb\table\table.cc">
      <Filter>源文件</Filter>
    </ClCompile>
    <ClCompile Include="..\..\..\src\leveldb\table\table_builder.cc">
      <Filter>源文件</Filter>
    </ClCompile>
    <ClCompile Include="..\..\..\src\leveldb\table\two_level_iterator.cc">
      <Filter>源文件</Filter>
    </ClCompile>
    <ClCompile Include="..\..\..\src\leveldb\util\arena.cc">
      <Filter>源文件</Filter>
    </ClCompile>
    <ClCompile Include="..\..\..\src\leveldb\util\bloom.cc">
      <Filter>源文件</Filter>
    </ClCompile>
    <ClCompile Include="..\..\..\src\leveldb\util\cache.cc">
      <Filter>源文件</Filter>
    </ClCompile>
    <ClCompile Include="..\..\..\src\leveldb\util\coding.cc">
      <Filter>源文件</Filter>
    </ClCompile>
    <ClCompile Include="..\..\..\src\leveldb\util\comparator.cc">
      <Filter>源文件</Filter>
    </ClCompile>
    <ClCompile Include="..\..\..\src\leveldb\util\crc32c.cc">
      <Filter>源文件</Filter>
    </ClCompile>
    <ClCompile Include="..\..\..\src\leveldb\util\env.cc">
      <Filter>源文件</Filter>
    </ClCompile>
    <ClCompile Include="..\..\..\src\leveldb\util\env_boost.cc">
      <Filter>源文件</Filter>
    </ClCompile>
    <ClCompile Include="..\..\..\src\leveldb\util\filter_policy.cc">
      <Filter>源文件</Filter>
    </ClCompile>
    <ClCompile Include="..\..\..\src\leveldb\util\hash.cc">
      <Filter>源文件</Filter>
    </ClCompile>
    <ClCompile Include="..\..\..\src\leveldb\util\histogram.cc">
      <Filter>源文件</Filter>
    </ClCompile>
    <ClCompile Include="..\..\..\src\leveldb\util\logging.cc">
      <Filter>源文件</Filter>
    </ClCompile>
    <ClCompile Include="..\..\..\src\leveldb\util\options.cc">
      <Filter>源文件</Filter>
    </ClCompile>
    <ClCompile Include="..\..\..\src\leveldb\util\status.cc">
      <Filter>源文件</Filter>
    </ClCompile>
    <ClCompile Include="..\..\..\src\leveldb\util\win_logger.cc">
      <Filter>源文件</Filter>
    </ClCompile>
    <ClCompile Include="..\..\..\src\leveldb\port\port_win.cc">
      <Filter>源文件</Filter>
    </ClCompile>
  </ItemGroup>
  <ItemGroup>
    <ClInclude Include="..\..\..\src\leveldb\db\version_set.h">
      <Filter>头文件</Filter>
    </ClInclude>
    <ClInclude Include="..\..\..\src\leveldb\db\version_edit.h">
      <Filter>头文件</Filter>
    </ClInclude>
    <ClInclude Include="..\..\..\src\leveldb\db\table_cache.h">
      <Filter>头文件</Filter>
    </ClInclude>
    <ClInclude Include="..\..\..\src\leveldb\db\snapshot.h">
      <Filter>头文件</Filter>
    </ClInclude>
    <ClInclude Include="..\..\..\src\leveldb\db\skiplist.h">
      <Filter>头文件</Filter>
    </ClInclude>
    <ClInclude Include="..\..\..\src\leveldb\db\memtable.h">
      <Filter>头文件</Filter>
    </ClInclude>
    <ClInclude Include="..\..\..\src\leveldb\db\log_writer.h">
      <Filter>头文件</Filter>
    </ClInclude>
    <ClInclude Include="..\..\..\src\leveldb\db\log_reader.h">
      <Filter>头文件</Filter>
    </ClInclude>
    <ClInclude Include="..\..\..\src\leveldb\db\log_format.h">
      <Filter>头文件</Filter>
    </ClInclude>
    <ClInclude Include="..\..\..\src\leveldb\db\filename.h">
      <Filter>头文件</Filter>
    </ClInclude>
    <ClInclude Include="..\..\..\src\leveldb\db\dbformat.h">
      <Filter>头文件</Filter>
    </ClInclude>
    <ClInclude Include="..\..\..\src\leveldb\db\db_iter.h">
      <Filter>头文件</Filter>
    </ClInclude>
    <ClInclude Include="..\..\..\src\leveldb\db\db_impl.h">
      <Filter>头文件</Filter>
    </ClInclude>
    <ClInclude Include="..\..\..\src\leveldb\db\builder.h">
      <Filter>头文件</Filter>
    </ClInclude>
    <ClInclude Include="..\..\..\src\leveldb\include\leveldb\c.h">
      <Filter>头文件</Filter>
    </ClInclude>
    <ClInclude Include="..\..\..\src\leveldb\include\leveldb\cache.h">
      <Filter>头文件</Filter>
    </ClInclude>
    <ClInclude Include="..\..\..\src\leveldb\include\leveldb\comparator.h">
      <Filter>头文件</Filter>
    </ClInclude>
    <ClInclude Include="..\..\..\src\leveldb\include\leveldb\db.h">
      <Filter>头文件</Filter>
    </ClInclude>
    <ClInclude Include="..\..\..\src\leveldb\include\leveldb\dumpfile.h">
      <Filter>头文件</Filter>
    </ClInclude>
    <ClInclude Include="..\..\..\src\leveldb\include\leveldb\env.h">
      <Filter>头文件</Filter>
    </ClInclude>
    <ClInclude Include="..\..\..\src\leveldb\include\leveldb\filter_policy.h">
      <Filter>头文件</Filter>
    </ClInclude>
    <ClInclude Include="..\..\..\src\leveldb\include\leveldb\iterator.h">
      <Filter>头文件</Filter>
    </ClInclude>
    <ClInclude Include="..\..\..\src\leveldb\include\leveldb\options.h">
      <Filter>头文件</Filter>
    </ClInclude>
    <ClInclude Include="..\..\..\src\leveldb\include\leveldb\slice.h">
      <Filter>头文件</Filter>
    </ClInclude>
    <ClInclude Include="..\..\..\src\leveldb\include\leveldb\status.h">
      <Filter>头文件</Filter>
    </ClInclude>
    <ClInclude Include="..\..\..\src\leveldb\include\leveldb\table.h">
      <Filter>头文件</Filter>
    </ClInclude>
    <ClInclude Include="..\..\..\src\leveldb\include\leveldb\table_builder.h">
      <Filter>头文件</Filter>
    </ClInclude>
    <ClInclude Include="..\..\..\src\leveldb\include\leveldb\write_batch.h">
      <Filter>头文件</Filter>
    </ClInclude>
    <ClInclude Include="..\..\..\src\leveldb\port\port_win.h">
      <Filter>头文件</Filter>
    </ClInclude>
    <ClInclude Include="..\..\..\src\leveldb\port\port.h">
      <Filter>头文件</Filter>
    </ClInclude>
    <ClInclude Include="..\..\..\src\leveldb\table\two_level_iterator.h">
      <Filter>头文件</Filter>
    </ClInclude>
    <ClInclude Include="..\..\..\src\leveldb\table\merger.h">
      <Filter>头文件</Filter>
    </ClInclude>
    <ClInclude Include="..\..\..\src\leveldb\table\iterator_wrapper.h">
      <Filter>头文件</Filter>
    </ClInclude>
    <ClInclude Include="..\..\..\src\leveldb\table\format.h">
      <Filter>头文件</Filter>
    </ClInclude>
    <ClInclude Include="..\..\..\src\leveldb\table\filter_block.h">
      <Filter>头文件</Filter>
    </ClInclude>
    <ClInclude Include="..\..\..\src\leveldb\table\block_builder.h">
      <Filter>头文件</Filter>
    </ClInclude>
    <ClInclude Include="..\..\..\src\leveldb\table\block.h">
      <Filter>头文件</Filter>
    </ClInclude>
    <ClInclude Include="..\..\..\src\leveldb\util\win_logger.h">
      <Filter>头文件</Filter>
    </ClInclude>
    <ClInclude Include="..\..\..\src\leveldb\util\random.h">
      <Filter>头文件</Filter>
    </ClInclude>
    <ClInclude Include="..\..\..\src\leveldb\util\mutexlock.h">
      <Filter>头文件</Filter>
    </ClInclude>
    <ClInclude Include="..\..\..\src\leveldb\util\logging.h">
      <Filter>头文件</Filter>
    </ClInclude>
    <ClInclude Include="..\..\..\src\leveldb\util\histogram.h">
      <Filter>头文件</Filter>
    </ClInclude>
    <ClInclude Include="..\..\..\src\leveldb\util\hash.h">
      <Filter>头文件</Filter>
    </ClInclude>
    <ClInclude Include="..\..\..\src\leveldb\util\crc32c.h">
      <Filter>头文件</Filter>
    </ClInclude>
    <ClInclude Include="..\..\..\src\leveldb\util\coding.h">
      <Filter>头文件</Filter>
    </ClInclude>
    <ClInclude Include="..\..\..\src\leveldb\util\arena.h">
      <Filter>头文件</Filter>
    </ClInclude>
  </ItemGroup>
</Project>